
Microsoft Visual Studio Solution File, Format Version 12.00
# Visual Studio 14
VisualStudioVersion = 14.0.22310.1
MinimumVisualStudioVersion = 10.0.40219.1
Project("{FAE04EC0-301F-11D3-BF4B-00C04F79EFBC}") = "ONS_MongoDB", "ONS_MongoDB\ONS_MongoDB.csproj", "{9E5AC5C1-C80A-4A41-8C14-2F590D2B5F22}"
EndProject
Global
	GlobalSection(SolutionConfigurationPlatforms) = preSolution
		Debug|Any CPU = Debug|Any CPU
		Release|Any CPU = Release|Any CPU
	EndGlobalSection
	GlobalSection(ProjectConfigurationPlatforms) = postSolution
		{9E5AC5C1-C80A-4A41-8C14-2F590D2B5F22}.Debug|Any CPU.ActiveCfg = Debug|Any CPU
		{9E5AC5C1-C80A-4A41-8C14-2F590D2B5F22}.Debug|Any CPU.Build.0 = Debug|Any CPU
		{9E5AC5C1-C80A-4A41-8C14-2F590D2B5F22}.Release|Any CPU.ActiveCfg = Release|Any CPU
		{9E5AC5C1-C80A-4A41-8C14-2F590D2B5F22}.Release|Any CPU.Build.0 = Release|Any CPU
	EndGlobalSection
	GlobalSection(SolutionProperties) = preSolution
		HideSolutionNode = FALSE
	EndGlobalSection
EndGlobal
